
Microsoft Visual Studio Solution File, Format Version 12.00
# Visual Studio Version 16
VisualStudioVersion = 16.0.30907.101
MinimumVisualStudioVersion = 10.0.40219.1
Project("{FAE04EC0-301F-11D3-BF4B-00C04F79EFBC}") = "TodosTest", "TodosTest\TodosTest.csproj", "{0419EB8D-4502-4389-B128-839BD5101FA2}"
EndProject
Global
	GlobalSection(SolutionConfigurationPlatforms) = preSolution
		Debug|Any CPU = Debug|Any CPU
		Release|Any CPU = Release|Any CPU
	EndGlobalSection
	GlobalSection(ProjectConfigurationPlatforms) = postSolution
		{0419EB8D-4502-4389-B128-839BD5101FA2}.Debug|Any CPU.ActiveCfg = Debug|Any CPU
		{0419EB8D-4502-4389-B128-839BD5101FA2}.Debug|Any CPU.Build.0 = Debug|Any CPU
		{0419EB8D-4502-4389-B128-839BD5101FA2}.Release|Any CPU.ActiveCfg = Release|Any CPU
		{0419EB8D-4502-4389-B128-839BD5101FA2}.Release|Any CPU.Build.0 = Release|Any CPU
	EndGlobalSection
	GlobalSection(SolutionProperties) = preSolution
		HideSolutionNode = FALSE
	EndGlobalSection
	GlobalSection(ExtensibilityGlobals) = postSolution
		SolutionGuid = {BFCC00C0-0A49-43C0-B1CF-E7197B1EDE17}
	EndGlobalSection
EndGlobal
